{
  "name": "lingonika",
  "version": "0.1.2",
  "lockfileVersion": 3,
  "requires": true,
  "packages": {
    "": {
      "name": "lingonika",
      "version": "0.1.2",
      "hasInstallScript": true,
      "license": "MIT",
      "engines": {
        "node": ">=20.14.0",
        "npm": "^=10.7.0"
      }
    }
  }
}
